Microsoft Visual Studio Solution File, Format Version 12.00
# Visual Studio Version 17
VisualStudioVersion = 17.5.2.0
MinimumVisualStudioVersion = 10.0.40219.1
Project("{FAE04EC0-301F-11D3-BF4B-00C04F79EFBC}") = "GuitarChordExplorer", "GuitarChordExplorer.csproj", "{77044D00-CA38-19DF-25C7-0DF720CE9B47}"
EndProject
Global
	GlobalSection(SolutionConfigurationPlatforms) = preSolution
		Debug|Any CPU = Debug|Any CPU
		Release|Any CPU = Release|Any CPU
	EndGlobalSection
	GlobalSection(ProjectConfigurationPlatforms) = postSolution
		{77044D00-CA38-19DF-25C7-0DF720CE9B47}.Debug|Any CPU.ActiveCfg = Debug|Any CPU
		{77044D00-CA38-19DF-25C7-0DF720CE9B47}.Debug|Any CPU.Build.0 = Debug|Any CPU
		{77044D00-CA38-19DF-25C7-0DF720CE9B47}.Release|Any CPU.ActiveCfg = Release|Any CPU
		{77044D00-CA38-19DF-25C7-0DF720CE9B47}.Release|Any CPU.Build.0 = Release|Any CPU
	EndGlobalSection
	GlobalSection(SolutionProperties) = preSolution
		HideSolutionNode = FALSE
	EndGlobalSection
	GlobalSection(ExtensibilityGlobals) = postSolution
		SolutionGuid = {7EF7741B-E6A5-4C97-A2C3-9C7F751CB8F6}
	EndGlobalSection
EndGlobal
